{
  "version": 4,
  "terraform_version": "1.4.4",
  "serial": 164,
  "lineage": "74cedcd0-9d76-c219-0f29-894174a26767",
  "outputs": {
    "artifacts_registry_service_account": {
      "value": "serviceAccount:registry@animal-facts-project.iam.gserviceaccount.com",
      "type": "string"
    },
    "artifacts_registry_workload_identity_pool_provider": {
      "value": "projects/285388973408/locations/global/workloadIdentityPools/github-action/providers/github-action",
      "type": "string"
    }
  },
  "resources": [
    {
      "mode": "data",
      "type": "google_billing_account",
      "name": "account",
      "provider": "provider[\"registry.terraform.io/hashicorp/google\"]",
      "instances": [
        {
          "schema_version": 0,
          "attributes": {
            "billing_account": null,
            "display_name": "Mein Rechnungskonto",
            "id": "010FC7-5AA920-64EFE8",
            "name": "billingAccounts/010FC7-5AA920-64EFE8",
            "open": true,
            "project_ids": [
              "animal-facts-project"
            ]
          },
          "sensitive_attributes": []
        }
      ]
    },
    {
      "mode": "managed",
      "type": "google_artifact_registry_repository",
      "name": "repository",
      "provider": "provider[\"registry.terraform.io/hashicorp/google\"]",
      "instances": [
        {
          "schema_version": 0,
          "attributes": {
            "create_time": "2023-03-26T19:28:45.613228Z",
            "description": "Storing images of animal facts services",
            "format": "DOCKER",
            "id": "projects/animal-facts-project/locations/europe-west4/repositories/animal-facts",
            "kms_key_name": "",
            "labels": {},
            "location": "europe-west4",
            "maven_config": [],
            "name": "animal-facts",
            "project": "animal-facts-project",
            "repository_id": "animal-facts",
            "timeouts": null,
            "update_time": "2023-03-29T19:22:34.569746Z"
          },
          "sensitive_attributes": [],
          "private": "eyJlMmJmYjczMC1lY2FhLTExZTYtOGY4OC0zNDM2M2JjN2M0YzAiOnsiY3JlYXRlIjoxMjAwMDAwMDAwMDAwLCJkZWxldGUiOjEyMDAwMDAwMDAwMDAsInVwZGF0ZSI6MTIwMDAwMDAwMDAwMH19"
        }
      ]
    },
    {
      "mode": "managed",
      "type": "google_firebase_project",
      "name": "default",
      "provider": "provider[\"registry.terraform.io/hashicorp/google-beta\"]",
      "instances": [
        {
          "schema_version": 0,
          "attributes": {
            "display_name": "Animal Facts",
            "id": "projects/animal-facts-project",
            "project": "animal-facts-project",
            "project_number": "285388973408",
            "timeouts": null
          },
          "sensitive_attributes": [],
          "private": "eyJlMmJmYjczMC1lY2FhLTExZTYtOGY4OC0zNDM2M2JjN2M0YzAiOnsiY3JlYXRlIjoxMjAwMDAwMDAwMDAwLCJkZWxldGUiOjEyMDAwMDAwMDAwMDB9fQ==",
          "dependencies": [
            "data.google_billing_account.account",
            "google_project.project",
            "google_project_iam_member.owner",
            "google_project_iam_member.service_account_firebase_admin",
            "google_project_service.firebase",
            "google_service_account.firebase",
            "google_service_account_key.firebase_key"
          ]
        }
      ]
    },
    {
      "mode": "managed",
      "type": "google_firebase_project_location",
      "name": "default",
      "provider": "provider[\"registry.terraform.io/hashicorp/google-beta\"]",
      "instances": [
        {
          "schema_version": 0,
          "attributes": {
            "id": "projects/animal-facts-project",
            "location_id": "europe-west",
            "project": "animal-facts-project",
            "timeouts": null
          },
          "sensitive_attributes": [],
          "private": "eyJlMmJmYjczMC1lY2FhLTExZTYtOGY4OC0zNDM2M2JjN2M0YzAiOnsiY3JlYXRlIjoxMjAwMDAwMDAwMDAwLCJkZWxldGUiOjEyMDAwMDAwMDAwMDB9fQ==",
          "dependencies": [
            "data.google_billing_account.account",
            "google_firebase_project.default",
            "google_project.project",
            "google_project_iam_member.owner",
            "google_project_iam_member.service_account_firebase_admin",
            "google_project_service.firebase",
            "google_service_account.firebase",
            "google_service_account_key.firebase_key"
          ]
        }
      ]
    },
    {
      "mode": "managed",
      "type": "google_firebase_web_app",
      "name": "animal_facts",
      "provider": "provider[\"registry.terraform.io/hashicorp/google-beta\"]",
      "instances": [
        {
          "schema_version": 0,
          "attributes": {
            "app_id": "1:285388973408:web:605f3a5635ae73d8beea05",
            "app_urls": [],
            "deletion_policy": "ABANDON",
            "display_name": "Animal Facts",
            "id": "projects/animal-facts-project/webApps/1:285388973408:web:605f3a5635ae73d8beea05",
            "name": "projects/animal-facts-project/webApps/1:285388973408:web:605f3a5635ae73d8beea05",
            "project": "animal-facts-project",
            "timeouts": null
          },
          "sensitive_attributes": [],
          "private": "eyJlMmJmYjczMC1lY2FhLTExZTYtOGY4OC0zNDM2M2JjN2M0YzAiOnsiY3JlYXRlIjoxMjAwMDAwMDAwMDAwLCJkZWxldGUiOjEyMDAwMDAwMDAwMDAsInVwZGF0ZSI6MTIwMDAwMDAwMDAwMH19",
          "dependencies": [
            "data.google_billing_account.account",
            "google_firebase_project.default",
            "google_project.project",
            "google_project_iam_member.owner",
            "google_project_iam_member.service_account_firebase_admin",
            "google_project_service.firebase",
            "google_service_account.firebase",
            "google_service_account_key.firebase_key"
          ]
        }
      ]
    },
    {
      "mode": "managed",
      "type": "google_iam_workload_identity_pool",
      "name": "pool",
      "provider": "provider[\"registry.terraform.io/hashicorp/google\"]",
      "instances": [
        {
          "schema_version": 0,
          "attributes": {
            "description": "",
            "disabled": false,
            "display_name": "github-action",
            "id": "projects/animal-facts-project/locations/global/workloadIdentityPools/github-action",
            "name": "projects/285388973408/locations/global/workloadIdentityPools/github-action",
            "project": "animal-facts-project",
            "state": "ACTIVE",
            "timeouts": null,
            "workload_identity_pool_id": "github-action"
          },
          "sensitive_attributes": [],
          "private": "eyJlMmJmYjczMC1lY2FhLTExZTYtOGY4OC0zNDM2M2JjN2M0YzAiOnsiY3JlYXRlIjoxMjAwMDAwMDAwMDAwLCJkZWxldGUiOjEyMDAwMDAwMDAwMDAsInVwZGF0ZSI6MTIwMDAwMDAwMDAwMH19"
        }
      ]
    },
    {
      "mode": "managed",
      "type": "google_iam_workload_identity_pool_provider",
      "name": "pool_oidc",
      "provider": "provider[\"registry.terraform.io/hashicorp/google\"]",
      "instances": [
        {
          "schema_version": 0,
          "attributes": {
            "attribute_condition": "",
            "attribute_mapping": {
              "attribute.actor": "assertion.actor",
              "attribute.repository": "assertion.repository",
              "google.subject": "assertion.sub"
            },
            "aws": [],
            "description": "",
            "disabled": false,
            "display_name": "github-action",
            "id": "projects/animal-facts-project/locations/global/workloadIdentityPools/github-action/providers/github-action",
            "name": "projects/285388973408/locations/global/workloadIdentityPools/github-action/providers/github-action",
            "oidc": [
              {
                "allowed_audiences": [],
                "issuer_uri": "https://token.actions.githubusercontent.com"
              }
            ],
            "project": "animal-facts-project",
            "state": "ACTIVE",
            "timeouts": null,
            "workload_identity_pool_id": "github-action",
            "workload_identity_pool_provider_id": "github-action"
          },
          "sensitive_attributes": [],
          "private": "eyJlMmJmYjczMC1lY2FhLTExZTYtOGY4OC0zNDM2M2JjN2M0YzAiOnsiY3JlYXRlIjoxMjAwMDAwMDAwMDAwLCJkZWxldGUiOjEyMDAwMDAwMDAwMDAsInVwZGF0ZSI6MTIwMDAwMDAwMDAwMH19",
          "dependencies": [
            "google_iam_workload_identity_pool.pool"
          ]
        }
      ]
    },
    {
      "mode": "managed",
      "type": "google_project",
      "name": "project",
      "provider": "provider[\"registry.terraform.io/hashicorp/google\"]",
      "instances": [
        {
          "schema_version": 1,
          "attributes": {
            "auto_create_network": true,
            "billing_account": "010FC7-5AA920-64EFE8",
            "folder_id": null,
            "id": "projects/animal-facts-project",
            "labels": {},
            "name": "Animal Facts",
            "number": "285388973408",
            "org_id": null,
            "project_id": "animal-facts-project",
            "skip_delete": null,
            "timeouts": null
          },
          "sensitive_attributes": [],
          "private": "eyJlMmJmYjczMC1lY2FhLTExZTYtOGY4OC0zNDM2M2JjN2M0YzAiOnsiY3JlYXRlIjo2MDAwMDAwMDAwMDAsImRlbGV0ZSI6NjAwMDAwMDAwMDAwLCJyZWFkIjo2MDAwMDAwMDAwMDAsInVwZGF0ZSI6NjAwMDAwMDAwMDAwfSwic2NoZW1hX3ZlcnNpb24iOiIxIn0=",
          "dependencies": [
            "data.google_billing_account.account"
          ]
        }
      ]
    },
    {
      "mode": "managed",
      "type": "google_project_iam_member",
      "name": "owner",
      "provider": "provider[\"registry.terraform.io/hashicorp/google\"]",
      "instances": [
        {
          "schema_version": 0,
          "attributes": {
            "condition": [],
            "etag": "BwX3+5hVMPs=",
            "id": "projects/animal-facts-project/roles/owner/user:yannik.foth97@gmail.com",
            "member": "user:yannik.foth97@gmail.com",
            "project": "projects/animal-facts-project",
            "role": "roles/owner"
          },
          "sensitive_attributes": [],
          "private": "bnVsbA==",
          "dependencies": [
            "data.google_billing_account.account",
            "google_project.project"
          ]
        }
      ]
    },
    {
      "mode": "managed",
      "type": "google_project_iam_member",
      "name": "registry",
      "provider": "provider[\"registry.terraform.io/hashicorp/google\"]",
      "instances": [
        {
          "schema_version": 0,
          "attributes": {
            "condition": [],
            "etag": "BwX3+5hVMPs=",
            "id": "projects/animal-facts-project/roles/iam.workloadIdentityUser/principalSet://iam.googleapis.com/projects/285388973408/locations/global/workloadIdentityPools/github-action/attribute.repository/cafo13/animal-facts",
            "member": "principalSet://iam.googleapis.com/projects/285388973408/locations/global/workloadIdentityPools/github-action/attribute.repository/cafo13/animal-facts",
            "project": "projects/animal-facts-project",
            "role": "roles/iam.workloadIdentityUser"
          },
          "sensitive_attributes": [],
          "private": "bnVsbA==",
          "dependencies": [
            "data.google_billing_account.account",
            "google_iam_workload_identity_pool.pool",
            "google_project.project"
          ]
        }
      ]
    },
    {
      "mode": "managed",
      "type": "google_project_iam_member",
      "name": "registry_admin",
      "provider": "provider[\"registry.terraform.io/hashicorp/google\"]",
      "instances": [
        {
          "schema_version": 0,
          "attributes": {
            "condition": [],
            "etag": "BwX3+5hVMPs=",
            "id": "projects/animal-facts-project/roles/artifactregistry.admin/serviceAccount:registry@animal-facts-project.iam.gserviceaccount.com",
            "member": "serviceAccount:registry@animal-facts-project.iam.gserviceaccount.com",
            "project": "projects/animal-facts-project",
            "role": "roles/artifactregistry.admin"
          },
          "sensitive_attributes": [],
          "private": "bnVsbA==",
          "dependencies": [
            "data.google_billing_account.account",
            "google_project.project",
            "google_project_iam_member.owner",
            "google_project_service.registry",
            "google_service_account.registry"
          ]
        }
      ]
    },
    {
      "mode": "managed",
      "type": "google_project_iam_member",
      "name": "service_account_firebase_admin",
      "provider": "provider[\"registry.terraform.io/hashicorp/google\"]",
      "instances": [
        {
          "schema_version": 0,
          "attributes": {
            "condition": [],
            "etag": "BwX3+5hVMPs=",
            "id": "projects/animal-facts-project/roles/editor/serviceAccount:firebase@animal-facts-project.iam.gserviceaccount.com",
            "member": "serviceAccount:firebase@animal-facts-project.iam.gserviceaccount.com",
            "project": "projects/animal-facts-project",
            "role": "roles/editor"
          },
          "sensitive_attributes": [],
          "private": "bnVsbA==",
          "dependencies": [
            "data.google_billing_account.account",
            "google_project.project",
            "google_project_iam_member.owner",
            "google_project_service.firebase",
            "google_service_account.firebase"
          ]
        }
      ]
    },
    {
      "mode": "managed",
      "type": "google_project_service",
      "name": "cloud_dns",
      "provider": "provider[\"registry.terraform.io/hashicorp/google\"]",
      "instances": [
        {
          "schema_version": 0,
          "attributes": {
            "disable_dependent_services": null,
            "disable_on_destroy": true,
            "id": "animal-facts-project/dns.googleapis.com",
            "project": "animal-facts-project",
            "service": "dns.googleapis.com",
            "timeouts": null
          },
          "sensitive_attributes": [],
          "private": "eyJlMmJmYjczMC1lY2FhLTExZTYtOGY4OC0zNDM2M2JjN2M0YzAiOnsiY3JlYXRlIjoxMjAwMDAwMDAwMDAwLCJkZWxldGUiOjEyMDAwMDAwMDAwMDAsInJlYWQiOjYwMDAwMDAwMDAwMCwidXBkYXRlIjoxMjAwMDAwMDAwMDAwfX0=",
          "dependencies": [
            "data.google_billing_account.account",
            "google_project.project"
          ]
        }
      ]
    },
    {
      "mode": "managed",
      "type": "google_project_service",
      "name": "cloud_run",
      "provider": "provider[\"registry.terraform.io/hashicorp/google\"]",
      "instances": [
        {
          "schema_version": 0,
          "attributes": {
            "disable_dependent_services": null,
            "disable_on_destroy": true,
            "id": "animal-facts-project/run.googleapis.com",
            "project": "animal-facts-project",
            "service": "run.googleapis.com",
            "timeouts": null
          },
          "sensitive_attributes": [],
          "private": "eyJlMmJmYjczMC1lY2FhLTExZTYtOGY4OC0zNDM2M2JjN2M0YzAiOnsiY3JlYXRlIjoxMjAwMDAwMDAwMDAwLCJkZWxldGUiOjEyMDAwMDAwMDAwMDAsInJlYWQiOjYwMDAwMDAwMDAwMCwidXBkYXRlIjoxMjAwMDAwMDAwMDAwfX0=",
          "dependencies": [
            "data.google_billing_account.account",
            "google_project.project"
          ]
        }
      ]
    },
    {
      "mode": "managed",
      "type": "google_project_service",
      "name": "compute",
      "provider": "provider[\"registry.terraform.io/hashicorp/google\"]",
      "instances": [
        {
          "schema_version": 0,
          "attributes": {
            "disable_dependent_services": null,
            "disable_on_destroy": true,
            "id": "animal-facts-project/compute.googleapis.com",
            "project": "animal-facts-project",
            "service": "compute.googleapis.com",
            "timeouts": null
          },
          "sensitive_attributes": [],
          "private": "eyJlMmJmYjczMC1lY2FhLTExZTYtOGY4OC0zNDM2M2JjN2M0YzAiOnsiY3JlYXRlIjoxMjAwMDAwMDAwMDAwLCJkZWxldGUiOjEyMDAwMDAwMDAwMDAsInJlYWQiOjYwMDAwMDAwMDAwMCwidXBkYXRlIjoxMjAwMDAwMDAwMDAwfX0=",
          "dependencies": [
            "data.google_billing_account.account",
            "google_project.project"
          ]
        }
      ]
    },
    {
      "mode": "managed",
      "type": "google_project_service",
      "name": "domains",
      "provider": "provider[\"registry.terraform.io/hashicorp/google\"]",
      "instances": [
        {
          "schema_version": 0,
          "attributes": {
            "disable_dependent_services": null,
            "disable_on_destroy": true,
            "id": "animal-facts-project/domains.googleapis.com",
            "project": "animal-facts-project",
            "service": "domains.googleapis.com",
            "timeouts": null
          },
          "sensitive_attributes": [],
          "private": "eyJlMmJmYjczMC1lY2FhLTExZTYtOGY4OC0zNDM2M2JjN2M0YzAiOnsiY3JlYXRlIjoxMjAwMDAwMDAwMDAwLCJkZWxldGUiOjEyMDAwMDAwMDAwMDAsInJlYWQiOjYwMDAwMDAwMDAwMCwidXBkYXRlIjoxMjAwMDAwMDAwMDAwfX0=",
          "dependencies": [
            "data.google_billing_account.account",
            "google_project.project"
          ]
        }
      ]
    },
    {
      "mode": "managed",
      "type": "google_project_service",
      "name": "firebase",
      "provider": "provider[\"registry.terraform.io/hashicorp/google\"]",
      "instances": [
        {
          "schema_version": 0,
          "attributes": {
            "disable_dependent_services": true,
            "disable_on_destroy": true,
            "id": "animal-facts-project/firebase.googleapis.com",
            "project": "animal-facts-project",
            "service": "firebase.googleapis.com",
            "timeouts": null
          },
          "sensitive_attributes": [],
          "private": "eyJlMmJmYjczMC1lY2FhLTExZTYtOGY4OC0zNDM2M2JjN2M0YzAiOnsiY3JlYXRlIjoxMjAwMDAwMDAwMDAwLCJkZWxldGUiOjEyMDAwMDAwMDAwMDAsInJlYWQiOjYwMDAwMDAwMDAwMCwidXBkYXRlIjoxMjAwMDAwMDAwMDAwfX0=",
          "dependencies": [
            "data.google_billing_account.account",
            "google_project.project"
          ]
        }
      ]
    },
    {
      "mode": "managed",
      "type": "google_project_service",
      "name": "firestore",
      "provider": "provider[\"registry.terraform.io/hashicorp/google\"]",
      "instances": [
        {
          "schema_version": 0,
          "attributes": {
            "disable_dependent_services": null,
            "disable_on_destroy": true,
            "id": "animal-facts-project/firestore.googleapis.com",
            "project": "animal-facts-project",
            "service": "firestore.googleapis.com",
            "timeouts": null
          },
          "sensitive_attributes": [],
          "private": "eyJlMmJmYjczMC1lY2FhLTExZTYtOGY4OC0zNDM2M2JjN2M0YzAiOnsiY3JlYXRlIjoxMjAwMDAwMDAwMDAwLCJkZWxldGUiOjEyMDAwMDAwMDAwMDAsInJlYWQiOjYwMDAwMDAwMDAwMCwidXBkYXRlIjoxMjAwMDAwMDAwMDAwfX0=",
          "dependencies": [
            "data.google_billing_account.account",
            "google_project.project"
          ]
        }
      ]
    },
    {
      "mode": "managed",
      "type": "google_project_service",
      "name": "iam",
      "provider": "provider[\"registry.terraform.io/hashicorp/google\"]",
      "instances": [
        {
          "schema_version": 0,
          "attributes": {
            "disable_dependent_services": null,
            "disable_on_destroy": true,
            "id": "animal-facts-project/iamcredentials.googleapis.com",
            "project": "animal-facts-project",
            "service": "iamcredentials.googleapis.com",
            "timeouts": null
          },
          "sensitive_attributes": [],
          "private": "eyJlMmJmYjczMC1lY2FhLTExZTYtOGY4OC0zNDM2M2JjN2M0YzAiOnsiY3JlYXRlIjoxMjAwMDAwMDAwMDAwLCJkZWxldGUiOjEyMDAwMDAwMDAwMDAsInJlYWQiOjYwMDAwMDAwMDAwMCwidXBkYXRlIjoxMjAwMDAwMDAwMDAwfX0=",
          "dependencies": [
            "data.google_billing_account.account",
            "google_project.project"
          ]
        }
      ]
    },
    {
      "mode": "managed",
      "type": "google_project_service",
      "name": "registry",
      "provider": "provider[\"registry.terraform.io/hashicorp/google\"]",
      "instances": [
        {
          "schema_version": 0,
          "attributes": {
            "disable_dependent_services": null,
            "disable_on_destroy": true,
            "id": "animal-facts-project/artifactregistry.googleapis.com",
            "project": "animal-facts-project",
            "service": "artifactregistry.googleapis.com",
            "timeouts": null
          },
          "sensitive_attributes": [],
          "private": "eyJlMmJmYjczMC1lY2FhLTExZTYtOGY4OC0zNDM2M2JjN2M0YzAiOnsiY3JlYXRlIjoxMjAwMDAwMDAwMDAwLCJkZWxldGUiOjEyMDAwMDAwMDAwMDAsInJlYWQiOjYwMDAwMDAwMDAwMCwidXBkYXRlIjoxMjAwMDAwMDAwMDAwfX0=",
          "dependencies": [
            "data.google_billing_account.account",
            "google_project.project"
          ]
        }
      ]
    },
    {
      "mode": "managed",
      "type": "google_service_account",
      "name": "firebase",
      "provider": "provider[\"registry.terraform.io/hashicorp/google\"]",
      "instances": [
        {
          "schema_version": 0,
          "attributes": {
            "account_id": "firebase",
            "description": "",
            "disabled": false,
            "display_name": "FireBase Service Account",
            "email": "firebase@animal-facts-project.iam.gserviceaccount.com",
            "id": "projects/animal-facts-project/serviceAccounts/firebase@animal-facts-project.iam.gserviceaccount.com",
            "member": "serviceAccount:firebase@animal-facts-project.iam.gserviceaccount.com",
            "name": "projects/animal-facts-project/serviceAccounts/firebase@animal-facts-project.iam.gserviceaccount.com",
            "project": "animal-facts-project",
            "timeouts": null,
            "unique_id": "117077932440945993710"
          },
          "sensitive_attributes": [],
          "private": "eyJlMmJmYjczMC1lY2FhLTExZTYtOGY4OC0zNDM2M2JjN2M0YzAiOnsiY3JlYXRlIjozMDAwMDAwMDAwMDB9fQ==",
          "dependencies": [
            "data.google_billing_account.account",
            "google_project.project",
            "google_project_iam_member.owner",
            "google_project_service.firebase"
          ]
        }
      ]
    },
    {
      "mode": "managed",
      "type": "google_service_account",
      "name": "registry",
      "provider": "provider[\"registry.terraform.io/hashicorp/google\"]",
      "instances": [
        {
          "schema_version": 0,
          "attributes": {
            "account_id": "registry",
            "description": "",
            "disabled": false,
            "display_name": "Registry Service Account",
            "email": "registry@animal-facts-project.iam.gserviceaccount.com",
            "id": "projects/animal-facts-project/serviceAccounts/registry@animal-facts-project.iam.gserviceaccount.com",
            "member": "serviceAccount:registry@animal-facts-project.iam.gserviceaccount.com",
            "name": "projects/animal-facts-project/serviceAccounts/registry@animal-facts-project.iam.gserviceaccount.com",
            "project": "animal-facts-project",
            "timeouts": null,
            "unique_id": "107649030172184693574"
          },
          "sensitive_attributes": [],
          "private": "eyJlMmJmYjczMC1lY2FhLTExZTYtOGY4OC0zNDM2M2JjN2M0YzAiOnsiY3JlYXRlIjozMDAwMDAwMDAwMDB9fQ==",
          "dependencies": [
            "data.google_billing_account.account",
            "google_project.project",
            "google_project_iam_member.owner",
            "google_project_service.registry"
          ]
        }
      ]
    },
    {
      "mode": "managed",
      "type": "google_service_account_key",
      "name": "firebase_key",
      "provider": "provider[\"registry.terraform.io/hashicorp/google\"]",
      "instances": [
        {
          "schema_version": 0,
          "attributes": {
            "id": "projects/animal-facts-project/serviceAccounts/firebase@animal-facts-project.iam.gserviceaccount.com/keys/b755c0e9a6190664d8c1c92f67f707c1344d0c14",
            "keepers": null,
            "key_algorithm": "KEY_ALG_RSA_2048",
            "name": "projects/animal-facts-project/serviceAccounts/firebase@animal-facts-project.iam.gserviceaccount.com/keys/b755c0e9a6190664d8c1c92f67f707c1344d0c14",
            "private_key": "ewogICJ0eXBlIjogInNlcnZpY2VfYWNjb3VudCIsCiAgInByb2plY3RfaWQiOiAiYW5pbWFsLWZhY3RzLXByb2plY3QiLAogICJwcml2YXRlX2tleV9pZCI6ICJiNzU1YzBlOWE2MTkwNjY0ZDhjMWM5MmY2N2Y3MDdjMTM0NGQwYzE0IiwKICAicHJpdmF0ZV9rZXkiOiAiLS0tLS1CRUdJTiBQUklWQVRFIEtFWS0tLS0tXG5NSUlFdlFJQkFEQU5CZ2txaGtpRzl3MEJBUUVGQUFTQ0JLY3dnZ1NqQWdFQUFvSUJBUUNNTDZqa0padGJNK2l0XG52OW9LUTR3QU9vREVTaktrV1U1bWRRQURmSDVjZ3VEY3lzVmVyMzB2U3FMazJ5cUdxVVFGcnBxaFJ6R2l4MktpXG5ZQllXaUFJZzJ4QmhmM1dRTEpXaVUxWWhlRmJxeUtBdnJsbnVGYk1STWdiSjJRT3ltMFBaaWhFMUQrS0pYeFdwXG5tbDNITVd5elNVZUh3Sm5LUUZCMFJZUnJFWUt6Zjh1TGMrdTdZNkxON2JGc3o5citINlVtVFM1YVcxaG9IQk1aXG5xakl6aC9aS0FWVE1wSU5WM1JOVnZFZTkzNDcyNEZnQ1VYbkhPdlBzN1pLNVlwYUZ3NVk3NkVlVjRpMjhmdno2XG5aa2ZTdGZ5MnJlclhPNlJJT0dwQm5QT3BkdVZoMTY2SC9uUjZXTTlTa2ZENlNkNTFrT08remNiaDdhOXlJQVFXXG5PVUxXcUJ1WEFnTUJBQUVDZ2dFQUxyc0NjMDhmK3lhU0pUMURlMUZwL1hlRERpdm50c1o0Ym9vSS82Q0Q1T1hSXG4vSGZ4bEM4dXJWR1ZmSEdjdXZmNHoyWVZjTGF4VXFCaGZseEdjS3RVL2t2WUtaQWFDZjM2d1hwRFIzUDhrVlpnXG5vNVJjc1JOMXRrRTFaeHJhOHpKenl6UU5xV0VLdEoxSU5ObmE4ZmhGVW55V2hpZkxmRksxSHhVL1g0dWVSS1JTXG5VakxtR3ZscitnS3pMTjRZeCtPUmNrczhOQnIzTTZJN2R5cGVxSE5jZnkwLzB6OXRteFdZNzA3WTNqcUlLSFZhXG5Pa1Q1UlM5RmhLOXQ3T2VFNGZlU3ZEOUtwQ2lJd0ZwbmdQekhzWldjRXhOWDVsam9lTStRbTY4R0tSNTMzWWFOXG5VMkxQS1VYY1hxMFhSeEZTQml0SW56ZXpwbjhicFduQ2FRQ0JnMXpLSFFLQmdRQytEMVk3TEJKbGg5Rk9pRHIwXG5BcjlUeWs2SjBoa0tjbWlsbmVyUGNBR0ZLL011T2NuUks0TCt2cGdBbXpYUk5OL2JRcDdpWXRVOCt2WUpqSm55XG5RYklvQjlodjlCUWQvcmtiZ0FIY21YSUNIa3BVQ1V3YjJKMDNONVRsWFEwcE9UZ0dreXZ4V1g0RVdpYXVrR2wyXG5pdlBaR2xPa2EyODNVMklzdE5Td29Tbk1Vd0tCZ1FDODBxaFl3R1g4b3pLVmlDL1pheHErVGV0S1RmaVlDK1BTXG5oaXc4emhVOVVxWXhmVGE3V0xCV1dvYkN3cjdhVHlRR3RISWtKMzlyL0I4TnpYZ2NnWGM1TkZOQ0M0QVhGQUs4XG5FenA2UVBkMnFpTVh3cG5EcHFQV0tnNDRybWVDUEc4aUVOYTViZDJzZ0xtRGU0TGU2NFNiR24rTXlQSVJISlluXG5kQU9SZldYckxRS0JnRWo5dU44MnVNWDNXQ0h4M2JveWgrb1ZDdjZSQ243aG0yRG5lZk02ajhybUt4bDRwaEpIXG54S0l5N2t0bFVGRE5IcCtsUVVHdU5UaWJKUHhiM0ErV3ZXWDBSV0lSZWR4ZkpCWDBua0pyUjhhYWZXOHl0dUVHXG4ycklIRFk3Y29wNVBWRDNxTFhrZUpuQmpjdkdka25NdFFDTURvbFhGME11Tm9XbUw5UmIwZmduekFvR0JBS2NYXG5HeFgrbThGbWdUckZtdUlnM3plTUtDeEd0emVGUGdOcjYvV2F3RHpWeUc5K3lGSWM5MTVUR1hGN2Qvd2prRlBHXG5sa0xjR092cjNXY1BiYng3N0k3WWVOeTI1SkNIaXF2M3NBWERPN2pzY2NWeTFUTEhZYkFBNHpqUlRKTjQremNBXG5BNk52VDN4NUpMRHZPUzRlNStlQkdXSHg2Qk93WWtkamFFejAxSjI1QW9HQWFJdTR4bGFUb2NmdFhGblorRVlsXG5KcDJVbjNaRUJGNHRiU0Z0bXVERkMwYjVIK3lxVHgvVEZUak1heFRoTTVsVThnZ2RGYUlLSUZGTHdwRHhSQWE5XG5CV1JHMTFFblZTRFhaaW5WSjFhU215NGkveE1KS09hR3p4RTR6TFNSTUlVWlFKdFpVZTR3dU13cERNUGR1U3UwXG5PMFdEdGJORVYyVjZteDFpVElHNldOUT1cbi0tLS0tRU5EIFBSSVZBVEUgS0VZLS0tLS1cbiIsCiAgImNsaWVudF9lbWFpbCI6ICJmaXJlYmFzZUBhbmltYWwtZmFjdHMtcHJvamVjdC5pYW0uZ3NlcnZpY2VhY2NvdW50LmNvbSIsCiAgImNsaWVudF9pZCI6ICIxMTcwNzc5MzI0NDA5NDU5OTM3MTAiLAogICJhdXRoX3VyaSI6ICJodHRwczovL2FjY291bnRzLmdvb2dsZS5jb20vby9vYXV0aDIvYXV0aCIsCiAgInRva2VuX3VyaSI6ICJodHRwczovL29hdXRoMi5nb29nbGVhcGlzLmNvbS90b2tlbiIsCiAgImF1dGhfcHJvdmlkZXJfeDUwOV9jZXJ0X3VybCI6ICJodHRwczovL3d3dy5nb29nbGVhcGlzLmNvbS9vYXV0aDIvdjEvY2VydHMiLAogICJjbGllbnRfeDUwOV9jZXJ0X3VybCI6ICJodHRwczovL3d3dy5nb29nbGVhcGlzLmNvbS9yb2JvdC92MS9tZXRhZGF0YS94NTA5L2ZpcmViYXNlJTQwYW5pbWFsLWZhY3RzLXByb2plY3QuaWFtLmdzZXJ2aWNlYWNjb3VudC5jb20iCn0K",
            "private_key_type": "TYPE_GOOGLE_CREDENTIALS_FILE",
            "public_key": "LS0tLS1CRUdJTiBDRVJUSUZJQ0FURS0tLS0tCk1JSUMvRENDQWVTZ0F3SUJBZ0lJVzA0K3RaVXJUM013RFFZSktvWklodmNOQVFFRkJRQXdJREVlTUJ3R0ExVUUKQXhNVk1URTNNRGMzT1RNeU5EUXdPVFExT1Rrek56RXdNQ0FYRFRJek1ETXhOakl4TURReE0xb1lEems1T1RreApNak14TWpNMU9UVTVXakFnTVI0d0hBWURWUVFERXhVeE1UY3dOemM1TXpJME5EQTVORFU1T1RNM01UQXdnZ0VpCk1BMEdDU3FHU0liM0RRRUJBUVVBQTRJQkR3QXdnZ0VLQW9JQkFRQ01MNmprSlp0Yk0raXR2OW9LUTR3QU9vREUKU2pLa1dVNW1kUUFEZkg1Y2d1RGN5c1ZlcjMwdlNxTGsyeXFHcVVRRnJwcWhSekdpeDJLaVlCWVdpQUlnMnhCaApmM1dRTEpXaVUxWWhlRmJxeUtBdnJsbnVGYk1STWdiSjJRT3ltMFBaaWhFMUQrS0pYeFdwbWwzSE1XeXpTVWVICndKbktRRkIwUllSckVZS3pmOHVMYyt1N1k2TE43YkZzejlyK0g2VW1UUzVhVzFob0hCTVpxakl6aC9aS0FWVE0KcElOVjNSTlZ2RWU5MzQ3MjRGZ0NVWG5IT3ZQczdaSzVZcGFGdzVZNzZFZVY0aTI4ZnZ6NlprZlN0ZnkycmVyWApPNlJJT0dwQm5QT3BkdVZoMTY2SC9uUjZXTTlTa2ZENlNkNTFrT08remNiaDdhOXlJQVFXT1VMV3FCdVhBZ01CCkFBR2pPREEyTUF3R0ExVWRFd0VCL3dRQ01BQXdEZ1lEVlIwUEFRSC9CQVFEQWdlQU1CWUdBMVVkSlFFQi93UU0KTUFvR0NDc0dBUVVGQndNQ01BMEdDU3FHU0liM0RRRUJCUVVBQTRJQkFRQS83SVA2RzBwVjdqNlFVRWVDbml4VApwcXhIR2E4NWNiTFRobG1YQ1ZaWGRaazhINkdzOVdxYXJQQ054d29yU3B1dmlwSFNqT1o0OFp4UFpxZEF2U3JOCk4yZ3dYeCtNRFcwN0pLUUZyY24zejN0dnFrdmdFb0NwUTdhd2FqZDV5bDJWc3ZGMjJMQ2pNWkd4cDNQdGNRMjcKTzgwK2tvNzR5RnVEYi9vTm5QUFIwcmFMd2NFY21TYjZlUGlNRmtXbWFDcjhaQWZhRmRZM0JMOFoyeGFQK0dTVAprczhudnVqQkFOWFdoVmJNQlg3aExJYllYcUNpekdUSEUzVkp3R2lYNkRKdnprVEpKekJucXNMWjRFbkxEZkdrCjQ3dUthVW1HVFJCWWszaUVrcmo1dEdvTTZaejJGaHdCNEozVVBvbmMvSWgzOGlMTmdQSC84RGFSMzNjT252QUgKLS0tLS1FTkQgQ0VSVElGSUNBVEUtLS0tLQo=",
            "public_key_data": null,
            "public_key_type": "TYPE_X509_PEM_FILE",
            "service_account_id": "projects/animal-facts-project/serviceAccounts/firebase@animal-facts-project.iam.gserviceaccount.com",
            "valid_after": "2023-03-16T21:04:13Z",
            "valid_before": "9999-12-31T23:59:59Z"
          },
          "sensitive_attributes": [],
          "private": "bnVsbA==",
          "dependencies": [
            "data.google_billing_account.account",
            "google_project.project",
            "google_project_iam_member.owner",
            "google_project_service.firebase",
            "google_service_account.firebase"
          ]
        }
      ]
    },
    {
      "module": "module.cloud_run_animal_facts_facts_api",
      "mode": "data",
      "type": "google_iam_policy",
      "name": "noauth",
      "provider": "provider[\"registry.terraform.io/hashicorp/google\"]",
      "instances": [
        {
          "schema_version": 0,
          "attributes": {
            "audit_config": null,
            "binding": [
              {
                "condition": [],
                "members": [
                  "allUsers"
                ],
                "role": "roles/run.invoker"
              }
            ],
            "id": "3450855414",
            "policy_data": "{\"bindings\":[{\"members\":[\"allUsers\"],\"role\":\"roles/run.invoker\"}]}"
          },
          "sensitive_attributes": []
        }
      ]
    },
    {
      "module": "module.cloud_run_animal_facts_facts_api",
      "mode": "managed",
      "type": "google_cloud_run_service",
      "name": "service",
      "provider": "provider[\"registry.terraform.io/hashicorp/google\"]",
      "instances": [
        {
          "schema_version": 1,
          "attributes": {
            "autogenerate_revision_name": true,
            "id": "locations/europe-west4/namespaces/animal-facts-project/services/facts-api",
            "location": "europe-west4",
            "metadata": [
              {
                "annotations": {
                  "run.googleapis.com/ingress": "all",
                  "run.googleapis.com/ingress-status": "all",
                  "run.googleapis.com/operation-id": "2ee17f1c-a576-4faa-8665-7fe171e207a1",
                  "serving.knative.dev/creator": "yannik.foth97@gmail.com",
                  "serving.knative.dev/lastModifier": "yannik.foth97@gmail.com"
                },
                "generation": 1,
                "labels": {
                  "cloud.googleapis.com/location": "europe-west4"
                },
                "namespace": "animal-facts-project",
                "resource_version": "AAX4DufoEsI",
                "self_link": "/apis/serving.knative.dev/v1/namespaces/285388973408/services/facts-api",
                "uid": "c913eb67-5423-4d73-bf3a-d10289c3d9a7"
              }
            ],
            "name": "facts-api",
            "project": "animal-facts-project",
            "status": [
              {
                "conditions": [
                  {
                    "message": "",
                    "reason": "",
                    "status": "True",
                    "type": "Ready"
                  },
                  {
                    "message": "",
                    "reason": "",
                    "status": "True",
                    "type": "ConfigurationsReady"
                  },
                  {
                    "message": "",
                    "reason": "",
                    "status": "True",
                    "type": "RoutesReady"
                  }
                ],
                "latest_created_revision_name": "facts-api-nn4mt",
                "latest_ready_revision_name": "facts-api-nn4mt",
                "observed_generation": 1,
                "url": "https://facts-api-fskmc2adna-ez.a.run.app"
              }
            ],
            "template": [
              {
                "metadata": [
                  {
                    "annotations": {
                      "autoscaling.knative.dev/maxScale": "3"
                    },
                    "generation": 0,
                    "labels": {},
                    "name": "",
                    "namespace": "",
                    "resource_version": "",
                    "self_link": "",
                    "uid": ""
                  }
                ],
                "spec": [
                  {
                    "container_concurrency": 80,
                    "containers": [
                      {
                        "args": [],
                        "command": [],
                        "env": [
                          {
                            "name": "API_PORT",
                            "value": "80",
                            "value_from": []
                          },
                          {
                            "name": "GCP_PROJECT",
                            "value": "animal-facts-project",
                            "value_from": []
                          },
                          {
                            "name": "GIN_MODE",
                            "value": "release",
                            "value_from": []
                          }
                        ],
                        "env_from": [],
                        "image": "europe-west4-docker.pkg.dev/animal-facts-project/animal-facts/facts-api:main",
                        "ports": [
                          {
                            "container_port": 80,
                            "name": "http1",
                            "protocol": ""
                          }
                        ],
                        "resources": [
                          {
                            "limits": {
                              "cpu": "1000m",
                              "memory": "512Mi"
                            },
                            "requests": {}
                          }
                        ],
                        "volume_mounts": [],
                        "working_dir": ""
                      }
                    ],
                    "service_account_name": "285388973408-compute@developer.gserviceaccount.com",
                    "serving_state": "",
                    "timeout_seconds": 300,
                    "volumes": []
                  }
                ]
              }
            ],
            "timeouts": null,
            "traffic": [
              {
                "latest_revision": true,
                "percent": 100,
                "revision_name": "",
                "tag": "",
                "url": ""
              }
            ]
          },
          "sensitive_attributes": [],
          "private": "eyJlMmJmYjczMC1lY2FhLTExZTYtOGY4OC0zNDM2M2JjN2M0YzAiOnsiY3JlYXRlIjoxMjAwMDAwMDAwMDAwLCJkZWxldGUiOjEyMDAwMDAwMDAwMDAsInVwZGF0ZSI6MTIwMDAwMDAwMDAwMH0sInNjaGVtYV92ZXJzaW9uIjoiMSJ9"
        }
      ]
    },
    {
      "module": "module.cloud_run_animal_facts_facts_api",
      "mode": "managed",
      "type": "google_cloud_run_service_iam_policy",
      "name": "noauth_policy",
      "provider": "provider[\"registry.terraform.io/hashicorp/google\"]",
      "instances": [
        {
          "schema_version": 0,
          "attributes": {
            "etag": "BwX4Duh4npo=",
            "id": "v1/projects/animal-facts-project/locations/europe-west4/services/facts-api",
            "location": "europe-west4",
            "policy_data": "{\"bindings\":[{\"members\":[\"allUsers\"],\"role\":\"roles/run.invoker\"}]}",
            "project": "animal-facts-project",
            "service": "v1/projects/animal-facts-project/locations/europe-west4/services/facts-api"
          },
          "sensitive_attributes": [],
          "private": "bnVsbA==",
          "dependencies": [
            "module.cloud_run_animal_facts_facts_api.data.google_iam_policy.noauth",
            "module.cloud_run_animal_facts_facts_api.google_cloud_run_service.service"
          ]
        }
      ]
    }
  ],
  "check_results": null
}
